// !$*UTF8*$!
{
	archiveVersion = 1;
	classes = {
	};
	objectVersion = 50;
	objects = {

/* Begin PBXBuildFile section */
		5A7C73DF2463F4D4009ABFC3 /* UserSearchLocation.storyboard in Resources */ = {isa = PBXBuildFile; fileRef = 5A7C73DE2463F4D4009ABFC3 /* UserSearchLocation.storyboard */; };
		5A7C73E12463F503009ABFC3 /* UserSearchLocationVC.swift in Sources */ = {isa = PBXBuildFile; fileRef = 5A7C73E02463F503009ABFC3 /* UserSearchLocationVC.swift */; };
		5A7C73E72463F935009ABFC3 /* UserProfile.storyboard in Resources */ = {isa = PBXBuildFile; fileRef = 5A7C73E62463F935009ABFC3 /* UserProfile.storyboard */; };
		5A7C73E92463FA82009ABFC3 /* UserHistory.storyboard in Resources */ = {isa = PBXBuildFile; fileRef = 5A7C73E82463FA82009ABFC3 /* UserHistory.storyboard */; };
		5A7C73EB2463FB30009ABFC3 /* UserProfileVC.swift in Sources */ = {isa = PBXBuildFile; fileRef = 5A7C73EA2463FB30009ABFC3 /* UserProfileVC.swift */; };
		5A7C73ED2463FB4A009ABFC3 /* UserHistoryVC.swift in Sources */ = {isa = PBXBuildFile; fileRef = 5A7C73EC2463FB4A009ABFC3 /* UserHistoryVC.swift */; };
		5A7C73EF2463FC29009ABFC3 /* UserBookingVC.swift in Sources */ = {isa = PBXBuildFile; fileRef = 5A7C73EE2463FC29009ABFC3 /* UserBookingVC.swift */; };
		83CCE7FF2463D7F7000EDF9C /* UserStoryboard.storyboard in Resources */ = {isa = PBXBuildFile; fileRef = 83CCE7FE2463D7F7000EDF9C /* UserStoryboard.storyboard */; };
		83CCE8012463D816000EDF9C /* OwnerStoryboard.storyboard in Resources */ = {isa = PBXBuildFile; fileRef = 83CCE8002463D816000EDF9C /* OwnerStoryboard.storyboard */; };
		83CCE80624645054000EDF9C /* OwnerBookList.storyboard in Resources */ = {isa = PBXBuildFile; fileRef = 83CCE80524645054000EDF9C /* OwnerBookList.storyboard */; };
		83CCE80824645064000EDF9C /* OwnerProfile.storyboard in Resources */ = {isa = PBXBuildFile; fileRef = 83CCE80724645064000EDF9C /* OwnerProfile.storyboard */; };
		83CCE80A246452A4000EDF9C /* OwnerBookListVC.swift in Sources */ = {isa = PBXBuildFile; fileRef = 83CCE809246452A4000EDF9C /* OwnerBookListVC.swift */; };
		83CCE80C246452BF000EDF9C /* OwnerProfileVC.swift in Sources */ = {isa = PBXBuildFile; fileRef = 83CCE80B246452BF000EDF9C /* OwnerProfileVC.swift */; };
		83CCE81224647F84000EDF9C /* Authoshop.swift in Sources */ = {isa = PBXBuildFile; fileRef = 83CCE81124647F84000EDF9C /* Authoshop.swift */; };
		D743F3AC2462761F00752C64 /* AppDelegate.swift in Sources */ = {isa = PBXBuildFile; fileRef = D743F3AB2462761F00752C64 /* AppDelegate.swift */; };
		D743F3AE2462761F00752C64 /* SceneDelegate.swift in Sources */ = {isa = PBXBuildFile; fileRef = D743F3AD2462761F00752C64 /* SceneDelegate.swift */; };
		D743F3B02462761F00752C64 /* MainVC.swift in Sources */ = {isa = PBXBuildFile; fileRef = D743F3AF2462761F00752C64 /* MainVC.swift */; };
		D743F3B32462761F00752C64 /* Main.storyboard in Resources */ = {isa = PBXBuildFile; fileRef = D743F3B12462761F00752C64 /* Main.storyboard */; };
		D743F3B62462761F00752C64 /* BengCall.xcdatamodeld in Sources */ = {isa = PBXBuildFile; fileRef = D743F3B42462761F00752C64 /* BengCall.xcdatamodeld */; };
		D743F3B82462761F00752C64 /* Assets.xcassets in Resources */ = {isa = PBXBuildFile; fileRef = D743F3B72462761F00752C64 /* Assets.xcassets */; };
		D743F3BB2462761F00752C64 /* LaunchScreen.storyboard in Resources */ = {isa = PBXBuildFile; fileRef = D743F3B92462761F00752C64 /* LaunchScreen.storyboard */; };
		D743F3DF24627BBD00752C64 /* .gitignore in Resources */ = {isa = PBXBuildFile; fileRef = D743F3DE24627BBD00752C64 /* .gitignore */; };
		D775BC9F24640027001C38A9 /* UserHomeVC.swift in Sources */ = {isa = PBXBuildFile; fileRef = D775BC9E24640027001C38A9 /* UserHomeVC.swift */; };
		D775BCA124642AC1001C38A9 /* AutoshopCollectionVC.swift in Sources */ = {isa = PBXBuildFile; fileRef = D775BCA024642AC1001C38A9 /* AutoshopCollectionVC.swift */; };
/* End PBXBuildFile section */

/* Begin PBXFileReference section */
		5A7C73DE2463F4D4009ABFC3 /* UserSearchLocation.storyboard */ = {isa = PBXFileReference; lastKnownFileType = file.storyboard; path = UserSearchLocation.storyboard; sourceTree = "<group>"; };
		5A7C73E02463F503009ABFC3 /* UserSearchLocationVC.swift */ = {isa = PBXFileReference; lastKnownFileType = sourcecode.swift; path = UserSearchLocationVC.swift; sourceTree = "<group>"; };
		5A7C73E62463F935009ABFC3 /* UserProfile.storyboard */ = {isa = PBXFileReference; lastKnownFileType = file.storyboard; path = UserProfile.storyboard; sourceTree = "<group>"; };
		5A7C73E82463FA82009ABFC3 /* UserHistory.storyboard */ = {isa = PBXFileReference; lastKnownFileType = file.storyboard; path = UserHistory.storyboard; sourceTree = "<group>"; };
		5A7C73EA2463FB30009ABFC3 /* UserProfileVC.swift */ = {isa = PBXFileReference; lastKnownFileType = sourcecode.swift; path = UserProfileVC.swift; sourceTree = "<group>"; };
		5A7C73EC2463FB4A009ABFC3 /* UserHistoryVC.swift */ = {isa = PBXFileReference; lastKnownFileType = sourcecode.swift; path = UserHistoryVC.swift; sourceTree = "<group>"; };
		5A7C73EE2463FC29009ABFC3 /* UserBookingVC.swift */ = {isa = PBXFileReference; lastKnownFileType = sourcecode.swift; path = UserBookingVC.swift; sourceTree = "<group>"; };
		83CCE7FE2463D7F7000EDF9C /* UserStoryboard.storyboard */ = {isa = PBXFileReference; lastKnownFileType = file.storyboard; path = UserStoryboard.storyboard; sourceTree = "<group>"; };
		83CCE8002463D816000EDF9C /* OwnerStoryboard.storyboard */ = {isa = PBXFileReference; lastKnownFileType = file.storyboard; path = OwnerStoryboard.storyboard; sourceTree = "<group>"; };
		83CCE80524645054000EDF9C /* OwnerBookList.storyboard */ = {isa = PBXFileReference; lastKnownFileType = file.storyboard; path = OwnerBookList.storyboard; sourceTree = "<group>"; };
		83CCE80724645064000EDF9C /* OwnerProfile.storyboard */ = {isa = PBXFileReference; lastKnownFileType = file.storyboard; path = OwnerProfile.storyboard; sourceTree = "<group>"; };
		83CCE809246452A4000EDF9C /* OwnerBookListVC.swift */ = {isa = PBXFileReference; lastKnownFileType = sourcecode.swift; name = OwnerBookListVC.swift; path = BengCall/Controllers/OwnerBookListVC.swift; sourceTree = SOURCE_ROOT; };
		83CCE80B246452BF000EDF9C /* OwnerProfileVC.swift */ = {isa = PBXFileReference; lastKnownFileType = sourcecode.swift; name = OwnerProfileVC.swift; path = BengCall/Controllers/OwnerProfileVC.swift; sourceTree = SOURCE_ROOT; };
		83CCE81124647F84000EDF9C /* Authoshop.swift */ = {isa = PBXFileReference; lastKnownFileType = sourcecode.swift; path = Authoshop.swift; sourceTree = "<group>"; };
		D743F3A82462761F00752C64 /* BengCall.app */ = {isa = PBXFileReference; explicitFileType = wrapper.application; includeInIndex = 0; path = BengCall.app; sourceTree = BUILT_PRODUCTS_DIR; };
		D743F3AB2462761F00752C64 /* AppDelegate.swift */ = {isa = PBXFileReference; lastKnownFileType = sourcecode.swift; path = AppDelegate.swift; sourceTree = "<group>"; };
		D743F3AD2462761F00752C64 /* SceneDelegate.swift */ = {isa = PBXFileReference; lastKnownFileType = sourcecode.swift; path = SceneDelegate.swift; sourceTree = "<group>"; };
		D743F3AF2462761F00752C64 /* MainVC.swift */ = {isa = PBXFileReference; lastKnownFileType = sourcecode.swift; path = MainVC.swift; sourceTree = "<group>"; };
		D743F3B22462761F00752C64 /* Base */ = {isa = PBXFileReference; lastKnownFileType = file.storyboard; name = Base; path = Base.lproj/Main.storyboard; sourceTree = "<group>"; };
		D743F3B52462761F00752C64 /* BengCall.xcdatamodel */ = {isa = PBXFileReference; lastKnownFileType = wrapper.xcdatamodel; path = BengCall.xcdatamodel; sourceTree = "<group>"; };
		D743F3B72462761F00752C64 /* Assets.xcassets */ = {isa = PBXFileReference; lastKnownFileType = folder.assetcatalog; path = Assets.xcassets; sourceTree = "<group>"; };
		D743F3BA2462761F00752C64 /* Base */ = {isa = PBXFileReference; lastKnownFileType = file.storyboard; name = Base; path = Base.lproj/LaunchScreen.storyboard; sourceTree = "<group>"; };
		D743F3BC2462761F00752C64 /* Info.plist */ = {isa = PBXFileReference; lastKnownFileType = text.plist.xml; path = Info.plist; sourceTree = "<group>"; };
		D743F3C52462761F00752C64 /* BengCallTests.swift */ = {isa = PBXFileReference; lastKnownFileType = sourcecode.swift; path = BengCallTests.swift; sourceTree = "<group>"; };
		D743F3C72462761F00752C64 /* Info.plist */ = {isa = PBXFileReference; lastKnownFileType = text.plist.xml; path = Info.plist; sourceTree = "<group>"; };
		D743F3D02462761F00752C64 /* BengCallUITests.swift */ = {isa = PBXFileReference; lastKnownFileType = sourcecode.swift; path = BengCallUITests.swift; sourceTree = "<group>"; };
		D743F3D22462761F00752C64 /* Info.plist */ = {isa = PBXFileReference; lastKnownFileType = text.plist.xml; path = Info.plist; sourceTree = "<group>"; };
		D743F3DE24627BBD00752C64 /* .gitignore */ = {isa = PBXFileReference; lastKnownFileType = text; path = .gitignore; sourceTree = "<group>"; };
		D775BC9E24640027001C38A9 /* UserHomeVC.swift */ = {isa = PBXFileReference; lastKnownFileType = sourcecode.swift; path = UserHomeVC.swift; sourceTree = "<group>"; };
		D775BCA024642AC1001C38A9 /* AutoshopCollectionVC.swift */ = {isa = PBXFileReference; lastKnownFileType = sourcecode.swift; path = AutoshopCollectionVC.swift; sourceTree = "<group>"; };
/* End PBXFileReference section */

/* Begin PBXFrameworksBuildPhase section */
		D743F3A52462761F00752C64 /* Frameworks */ = {
			isa = PBXFrameworksBuildPhase;
			buildActionMask = 2147483647;
			files = (
			);
			runOnlyForDeploymentPostprocessing = 0;
		};
/* End PBXFrameworksBuildPhase section */

/* Begin PBXGroup section */
		5A7C73E22463F740009ABFC3 /* User */ = {
			isa = PBXGroup;
			children = (
				83CCE7FE2463D7F7000EDF9C /* UserStoryboard.storyboard */,
				5A7C73E82463FA82009ABFC3 /* UserHistory.storyboard */,
				5A7C73E62463F935009ABFC3 /* UserProfile.storyboard */,
				5A7C73DE2463F4D4009ABFC3 /* UserSearchLocation.storyboard */,
			);
			path = User;
			sourceTree = "<group>";
		};
		5A7C73E32463F757009ABFC3 /* Owner */ = {
			isa = PBXGroup;
			children = (
				83CCE8002463D816000EDF9C /* OwnerStoryboard.storyboard */,
				83CCE80524645054000EDF9C /* OwnerBookList.storyboard */,
				83CCE80724645064000EDF9C /* OwnerProfile.storyboard */,
			);
			path = Owner;
			sourceTree = "<group>";
		};
		5A7C73E42463F896009ABFC3 /* User */ = {
			isa = PBXGroup;
			children = (
				5A7C73EC2463FB4A009ABFC3 /* UserHistoryVC.swift */,
				5A7C73EA2463FB30009ABFC3 /* UserProfileVC.swift */,
				5A7C73E02463F503009ABFC3 /* UserSearchLocationVC.swift */,
				5A7C73EE2463FC29009ABFC3 /* UserBookingVC.swift */,
				D775BC9E24640027001C38A9 /* UserHomeVC.swift */,
				D775BCA024642AC1001C38A9 /* AutoshopCollectionVC.swift */,
			);
			path = User;
			sourceTree = "<group>";
		};
		5A7C73E52463F8A0009ABFC3 /* Owner */ = {
			isa = PBXGroup;
			children = (
				83CCE80B246452BF000EDF9C /* OwnerProfileVC.swift */,
				83CCE809246452A4000EDF9C /* OwnerBookListVC.swift */,
			);
			path = Owner;
			sourceTree = "<group>";
		};
		83CCE8022463D8D5000EDF9C /* Views */ = {
			isa = PBXGroup;
			children = (
				D743F3B12462761F00752C64 /* Main.storyboard */,
				5A7C73E22463F740009ABFC3 /* User */,
				5A7C73E32463F757009ABFC3 /* Owner */,
			);
			path = Views;
			sourceTree = "<group>";
		};
		83CCE8032463D905000EDF9C /* Models */ = {
			isa = PBXGroup;
			children = (
				D743F3B42462761F00752C64 /* BengCall.xcdatamodeld */,
				83CCE81124647F84000EDF9C /* Authoshop.swift */,
			);
			path = Models;
			sourceTree = "<group>";
		};
		83CCE8042463D90B000EDF9C /* Controllers */ = {
			isa = PBXGroup;
			children = (
				D743F3AF2462761F00752C64 /* MainVC.swift */,
				5A7C73E42463F896009ABFC3 /* User */,
				5A7C73E52463F8A0009ABFC3 /* Owner */,
			);
			path = Controllers;
			sourceTree = "<group>";
		};
		D743F39F2462761F00752C64 = {
			isa = PBXGroup;
			children = (
				D743F3DE24627BBD00752C64 /* .gitignore */,
				D743F3AA2462761F00752C64 /* BengCall */,
				D743F3C42462761F00752C64 /* BengCallTests */,
				D743F3CF2462761F00752C64 /* BengCallUITests */,
				D743F3A92462761F00752C64 /* Products */,
			);
			sourceTree = "<group>";
		};
		D743F3A92462761F00752C64 /* Products */ = {
			isa = PBXGroup;
			children = (
				D743F3A82462761F00752C64 /* BengCall.app */,
			);
			name = Products;
			sourceTree = "<group>";
		};
		D743F3AA2462761F00752C64 /* BengCall */ = {
			isa = PBXGroup;
			children = (
				D743F3AB2462761F00752C64 /* AppDelegate.swift */,
				D743F3AD2462761F00752C64 /* SceneDelegate.swift */,
				83CCE8032463D905000EDF9C /* Models */,
				83CCE8042463D90B000EDF9C /* Controllers */,
				83CCE8022463D8D5000EDF9C /* Views */,
				D743F3B72462761F00752C64 /* Assets.xcassets */,
				D743F3B92462761F00752C64 /* LaunchScreen.storyboard */,
				D743F3BC2462761F00752C64 /* Info.plist */,
			);
			path = BengCall;
			sourceTree = "<group>";
		};
		D743F3C42462761F00752C64 /* BengCallTests */ = {
			isa = PBXGroup;
			children = (
				D743F3C52462761F00752C64 /* BengCallTests.swift */,
				D743F3C72462761F00752C64 /* Info.plist */,
			);
			path = BengCallTests;
			sourceTree = "<group>";
		};
		D743F3CF2462761F00752C64 /* BengCallUITests */ = {
			isa = PBXGroup;
			children = (
				D743F3D02462761F00752C64 /* BengCallUITests.swift */,
				D743F3D22462761F00752C64 /* Info.plist */,
			);
			path = BengCallUITests;
			sourceTree = "<group>";
		};
/* End PBXGroup section */

/* Begin PBXNativeTarget section */
		D743F3A72462761F00752C64 /* BengCall */ = {
			isa = PBXNativeTarget;
			buildConfigurationList = D743F3D52462761F00752C64 /* Build configuration list for PBXNativeTarget "BengCall" */;
			buildPhases = (
				D743F3A42462761F00752C64 /* Sources */,
				D743F3A52462761F00752C64 /* Frameworks */,
				D743F3A62462761F00752C64 /* Resources */,
			);
			buildRules = (
			);
			dependencies = (
			);
			name = BengCall;
			productName = BengCall;
			productReference = D743F3A82462761F00752C64 /* BengCall.app */;
			productType = "com.apple.product-type.application";
		};
/* End PBXNativeTarget section */

/* Begin PBXProject section */
		D743F3A02462761F00752C64 /* Project object */ = {
			isa = PBXProject;
			attributes = {
				LastSwiftUpdateCheck = 1140;
				LastUpgradeCheck = 1140;
				ORGANIZATIONNAME = "Calvin Leonardo";
				TargetAttributes = {
					D743F3A72462761F00752C64 = {
						CreatedOnToolsVersion = 11.4;
					};
				};
			};
			buildConfigurationList = D743F3A32462761F00752C64 /* Build configuration list for PBXProject "BengCall" */;
			compatibilityVersion = "Xcode 9.3";
			developmentRegion = en;
			hasScannedForEncodings = 0;
			knownRegions = (
				en,
				Base,
			);
			mainGroup = D743F39F2462761F00752C64;
			productRefGroup = D743F3A92462761F00752C64 /* Products */;
			projectDirPath = "";
			projectRoot = "";
			targets = (
				D743F3A72462761F00752C64 /* BengCall */,
			);
		};
/* End PBXProject section */

/* Begin PBXResourcesBuildPhase section */
		D743F3A62462761F00752C64 /* Resources */ = {
			isa = PBXResourcesBuildPhase;
			buildActionMask = 2147483647;
			files = (
				D743F3DF24627BBD00752C64 /* .gitignore in Resources */,
				83CCE8012463D816000EDF9C /* OwnerStoryboard.storyboard in Resources */,
				5A7C73DF2463F4D4009ABFC3 /* UserSearchLocation.storyboard in Resources */,
				5A7C73E92463FA82009ABFC3 /* UserHistory.storyboard in Resources */,
				D743F3BB2462761F00752C64 /* LaunchScreen.storyboard in Resources */,
				83CCE80824645064000EDF9C /* OwnerProfile.storyboard in Resources */,
				83CCE80624645054000EDF9C /* OwnerBookList.storyboard in Resources */,
				D743F3B82462761F00752C64 /* Assets.xcassets in Resources */,
				5A7C73E72463F935009ABFC3 /* UserProfile.storyboard in Resources */,
				83CCE7FF2463D7F7000EDF9C /* UserStoryboard.storyboard in Resources */,
				D743F3B32462761F00752C64 /* Main.storyboard in Resources */,
			);
			runOnlyForDeploymentPostprocessing = 0;
		};
/* End PBXResourcesBuildPhase section */

/* Begin PBXSourcesBuildPhase section */
		D743F3A42462761F00752C64 /* Sources */ = {
			isa = PBXSourcesBuildPhase;
			buildActionMask = 2147483647;
			files = (
				83CCE81224647F84000EDF9C /* Authoshop.swift in Sources */,
				D743F3B02462761F00752C64 /* MainVC.swift in Sources */,
				83CCE80A246452A4000EDF9C /* OwnerBookListVC.swift in Sources */,
				D743F3B62462761F00752C64 /* BengCall.xcdatamodeld in Sources */,
				D743F3AC2462761F00752C64 /* AppDelegate.swift in Sources */,
				D743F3AE2462761F00752C64 /* SceneDelegate.swift in Sources */,
				5A7C73E12463F503009ABFC3 /* UserSearchLocationVC.swift in Sources */,
				5A7C73EB2463FB30009ABFC3 /* UserProfileVC.swift in Sources */,
				5A7C73ED2463FB4A009ABFC3 /* UserHistoryVC.swift in Sources */,
				D775BC9F24640027001C38A9 /* UserHomeVC.swift in Sources */,
				83CCE80C246452BF000EDF9C /* OwnerProfileVC.swift in Sources */,
				5A7C73EF2463FC29009ABFC3 /* UserBookingVC.swift in Sources */,
				D775BCA124642AC1001C38A9 /* AutoshopCollectionVC.swift in Sources */,
			);
			runOnlyForDeploymentPostprocessing = 0;
		};
/* End PBXSourcesBuildPhase section */

/* Begin PBXVariantGroup section */
		D743F3B12462761F00752C64 /* Main.storyboard */ = {
			isa = PBXVariantGroup;
			children = (
				D743F3B22462761F00752C64 /* Base */,
			);
			name = Main.storyboard;
			sourceTree = "<group>";
		};
		D743F3B92462761F00752C64 /* LaunchScreen.storyboard */ = {
			isa = PBXVariantGroup;
			children = (
				D743F3BA2462761F00752C64 /* Base */,
			);
			name = LaunchScreen.storyboard;
			sourceTree = "<group>";
		};
/* End PBXVariantGroup section */

/* Begin XCBuildConfiguration section */
		D743F3D32462761F00752C64 /* Debug */ = {
			isa = XCBuildConfiguration;
			buildSettings = {
				ALWAYS_SEARCH_USER_PATHS = NO;
				CLANG_ANALYZER_NONNULL = YES;
				CLANG_ANALYZER_NUMBER_OBJECT_CONVERSION = YES_AGGRESSIVE;
				CLANG_CXX_LANGUAGE_STANDARD = "gnu++14";
				CLANG_CXX_LIBRARY = "libc++";
				CLANG_ENABLE_MODULES = YES;
				CLANG_ENABLE_OBJC_ARC = YES;
				CLANG_ENABLE_OBJC_WEAK = YES;
				CLANG_WARN_BLOCK_CAPTURE_AUTORELEASING = YES;
				CLANG_WARN_BOOL_CONVERSION = YES;
				CLANG_WARN_COMMA = YES;
				CLANG_WARN_CONSTANT_CONVERSION = YES;
				CLANG_WARN_DEPRECATED_OBJC_IMPLEMENTATIONS = YES;
				CLANG_WARN_DIRECT_OBJC_ISA_USAGE = YES_ERROR;
				CLANG_WARN_DOCUMENTATION_COMMENTS = YES;
				CLANG_WARN_EMPTY_BODY = YES;
				CLANG_WARN_ENUM_CONVERSION = YES;
				CLANG_WARN_INFINITE_RECURSION = YES;
				CLANG_WARN_INT_CONVERSION = YES;
				CLANG_WARN_NON_LITERAL_NULL_CONVERSION = YES;
				CLANG_WARN_OBJC_IMPLICIT_RETAIN_SELF = YES;
				CLANG_WARN_OBJC_LITERAL_CONVERSION = YES;
				CLANG_WARN_OBJC_ROOT_CLASS = YES_ERROR;
				CLANG_WARN_RANGE_LOOP_ANALYSIS = YES;
				CLANG_WARN_STRICT_PROTOTYPES = YES;
				CLANG_WARN_SUSPICIOUS_MOVE = YES;
				CLANG_WARN_UNGUARDED_AVAILABILITY = YES_AGGRESSIVE;
				CLANG_WARN_UNREACHABLE_CODE = YES;
				CLANG_WARN__DUPLICATE_METHOD_MATCH = YES;
				COPY_PHASE_STRIP = NO;
				DEBUG_INFORMATION_FORMAT = dwarf;
				ENABLE_STRICT_OBJC_MSGSEND = YES;
				ENABLE_TESTABILITY = YES;
				GCC_C_LANGUAGE_STANDARD = gnu11;
				GCC_DYNAMIC_NO_PIC = NO;
				GCC_NO_COMMON_BLOCKS = YES;
				GCC_OPTIMIZATION_LEVEL = 0;
				GCC_PREPROCESSOR_DEFINITIONS = (
					"DEBUG=1",
					"$(inherited)",
				);
				GCC_WARN_64_TO_32_BIT_CONVERSION = YES;
				GCC_WARN_ABOUT_RETURN_TYPE = YES_ERROR;
				GCC_WARN_UNDECLARED_SELECTOR = YES;
				GCC_WARN_UNINITIALIZED_AUTOS = YES_AGGRESSIVE;
				GCC_WARN_UNUSED_FUNCTION = YES;
				GCC_WARN_UNUSED_VARIABLE = YES;
				IPHONEOS_DEPLOYMENT_TARGET = 13.0;
				MTL_ENABLE_DEBUG_INFO = INCLUDE_SOURCE;
				MTL_FAST_MATH = YES;
				ONLY_ACTIVE_ARCH = YES;
				SDKROOT = iphoneos;
				SWIFT_ACTIVE_COMPILATION_CONDITIONS = DEBUG;
				SWIFT_OPTIMIZATION_LEVEL = "-Onone";
			};
			name = Debug;
		};
		D743F3D42462761F00752C64 /* Release */ = {
			isa = XCBuildConfiguration;
			buildSettings = {
				ALWAYS_SEARCH_USER_PATHS = NO;
				CLANG_ANALYZER_NONNULL = YES;
				CLANG_ANALYZER_NUMBER_OBJECT_CONVERSION = YES_AGGRESSIVE;
				CLANG_CXX_LANGUAGE_STANDARD = "gnu++14";
				CLANG_CXX_LIBRARY = "libc++";
				CLANG_ENABLE_MODULES = YES;
				CLANG_ENABLE_OBJC_ARC = YES;
				CLANG_ENABLE_OBJC_WEAK = YES;
				CLANG_WARN_BLOCK_CAPTURE_AUTORELEASING = YES;
				CLANG_WARN_BOOL_CONVERSION = YES;
				CLANG_WARN_COMMA = YES;
				CLANG_WARN_CONSTANT_CONVERSION = YES;
				CLANG_WARN_DEPRECATED_OBJC_IMPLEMENTATIONS = YES;
				CLANG_WARN_DIRECT_OBJC_ISA_USAGE = YES_ERROR;
				CLANG_WARN_DOCUMENTATION_COMMENTS = YES;
				CLANG_WARN_EMPTY_BODY = YES;
				CLANG_WARN_ENUM_CONVERSION = YES;
				CLANG_WARN_INFINITE_RECURSION = YES;
				CLANG_WARN_INT_CONVERSION = YES;
				CLANG_WARN_NON_LITERAL_NULL_CONVERSION = YES;
				CLANG_WARN_OBJC_IMPLICIT_RETAIN_SELF = YES;
				CLANG_WARN_OBJC_LITERAL_CONVERSION = YES;
				CLANG_WARN_OBJC_ROOT_CLASS = YES_ERROR;
				CLANG_WARN_RANGE_LOOP_ANALYSIS = YES;
				CLANG_WARN_STRICT_PROTOTYPES = YES;
				CLANG_WARN_SUSPICIOUS_MOVE = YES;
				CLANG_WARN_UNGUARDED_AVAILABILITY = YES_AGGRESSIVE;
				CLANG_WARN_UNREACHABLE_CODE = YES;
				CLANG_WARN__DUPLICATE_METHOD_MATCH = YES;
				COPY_PHASE_STRIP = NO;
				DEBUG_INFORMATION_FORMAT = "dwarf-with-dsym";
				ENABLE_NS_ASSERTIONS = NO;
				ENABLE_STRICT_OBJC_MSGSEND = YES;
				GCC_C_LANGUAGE_STANDARD = gnu11;
				GCC_NO_COMMON_BLOCKS = YES;
				GCC_WARN_64_TO_32_BIT_CONVERSION = YES;
				GCC_WARN_ABOUT_RETURN_TYPE = YES_ERROR;
				GCC_WARN_UNDECLARED_SELECTOR = YES;
				GCC_WARN_UNINITIALIZED_AUTOS = YES_AGGRESSIVE;
				GCC_WARN_UNUSED_FUNCTION = YES;
				GCC_WARN_UNUSED_VARIABLE = YES;
				IPHONEOS_DEPLOYMENT_TARGET = 13.0;
				MTL_ENABLE_DEBUG_INFO = NO;
				MTL_FAST_MATH = YES;
				SDKROOT = iphoneos;
				SWIFT_COMPILATION_MODE = wholemodule;
				SWIFT_OPTIMIZATION_LEVEL = "-O";
				VALIDATE_PRODUCT = YES;
			};
			name = Release;
		};
		D743F3D62462761F00752C64 /* Debug */ = {
			isa = XCBuildConfiguration;
			buildSettings = {
				ASSETCATALOG_COMPILER_APPICON_NAME = AppIcon;
				CODE_SIGN_STYLE = Automatic;
				DEVELOPMENT_TEAM = JY65WKMSCH;
				INFOPLIST_FILE = BengCall/Info.plist;
				LD_RUNPATH_SEARCH_PATHS = (
					"$(inherited)",
					"@executable_path/Frameworks",
				);
				PRODUCT_BUNDLE_IDENTIFIER = com.calvinleon.BengCall;
				PRODUCT_NAME = "$(TARGET_NAME)";
				SWIFT_VERSION = 5.0;
				TARGETED_DEVICE_FAMILY = "1,2";
			};
			name = Debug;
		};
		D743F3D72462761F00752C64 /* Release */ = {
			isa = XCBuildConfiguration;
			buildSettings = {
				ASSETCATALOG_COMPILER_APPICON_NAME = AppIcon;
				CODE_SIGN_STYLE = Automatic;
				DEVELOPMENT_TEAM = JY65WKMSCH;
				INFOPLIST_FILE = BengCall/Info.plist;
				LD_RUNPATH_SEARCH_PATHS = (
					"$(inherited)",
					"@executable_path/Frameworks",
				);
				PRODUCT_BUNDLE_IDENTIFIER = com.calvinleon.BengCall;
				PRODUCT_NAME = "$(TARGET_NAME)";
				SWIFT_VERSION = 5.0;
				TARGETED_DEVICE_FAMILY = "1,2";
			};
			name = Release;
		};
/* End XCBuildConfiguration section */

/* Begin XCConfigurationList section */
		D743F3A32462761F00752C64 /* Build configuration list for PBXProject "BengCall" */ = {
			isa = XCConfigurationList;
			buildConfigurations = (
				D743F3D32462761F00752C64 /* Debug */,
				D743F3D42462761F00752C64 /* Release */,
			);
			defaultConfigurationIsVisible = 0;
			defaultConfigurationName = Release;
		};
		D743F3D52462761F00752C64 /* Build configuration list for PBXNativeTarget "BengCall" */ = {
			isa = XCConfigurationList;
			buildConfigurations = (
				D743F3D62462761F00752C64 /* Debug */,
				D743F3D72462761F00752C64 /* Release */,
			);
			defaultConfigurationIsVisible = 0;
			defaultConfigurationName = Release;
		};
/* End XCConfigurationList section */

/* Begin XCVersionGroup section */
		D743F3B42462761F00752C64 /* BengCall.xcdatamodeld */ = {
			isa = XCVersionGroup;
			children = (
				D743F3B52462761F00752C64 /* BengCall.xcdatamodel */,
			);
			currentVersion = D743F3B52462761F00752C64 /* BengCall.xcdatamodel */;
			path = BengCall.xcdatamodeld;
			sourceTree = "<group>";
			versionGroupType = wrapper.xcdatamodel;
		};
/* End XCVersionGroup section */
	};
	rootObject = D743F3A02462761F00752C64 /* Project object */;
}
