// !$*UTF8*$!
{
	archiveVersion = 1;
	classes = {
	};
	objectVersion = 51;
	objects = {

/* Begin PBXBuildFile section */
		5A16A4782471908700AA4D4D /* SearchViewTableVC.swift in Sources */ = {isa = PBXBuildFile; fileRef = 5A16A4772471908700AA4D4D /* SearchViewTableVC.swift */; };
		5A54A5E42476616B00092736 /* UserSignUp.storyboard in Resources */ = {isa = PBXBuildFile; fileRef = 5A54A5E32476616B00092736 /* UserSignUp.storyboard */; };
		5A54A5E82476685B00092736 /* CloudKit.framework in Frameworks */ = {isa = PBXBuildFile; fileRef = 5A54A5E72476685B00092736 /* CloudKit.framework */; };
		5A54A5EA247668E100092736 /* CloudKitHelper.swift in Sources */ = {isa = PBXBuildFile; fileRef = 5A54A5E9247668E100092736 /* CloudKitHelper.swift */; };
		5A7C73DF2463F4D4009ABFC3 /* UserSearchLocation.storyboard in Resources */ = {isa = PBXBuildFile; fileRef = 5A7C73DE2463F4D4009ABFC3 /* UserSearchLocation.storyboard */; };
		5A7C73E12463F503009ABFC3 /* UserSearchLocationVC.swift in Sources */ = {isa = PBXBuildFile; fileRef = 5A7C73E02463F503009ABFC3 /* UserSearchLocationVC.swift */; };
		5A7C73E72463F935009ABFC3 /* UserProfile.storyboard in Resources */ = {isa = PBXBuildFile; fileRef = 5A7C73E62463F935009ABFC3 /* UserProfile.storyboard */; };
		5A7C73E92463FA82009ABFC3 /* UserHistory.storyboard in Resources */ = {isa = PBXBuildFile; fileRef = 5A7C73E82463FA82009ABFC3 /* UserHistory.storyboard */; };
		5A7C73EB2463FB30009ABFC3 /* UserProfileVC.swift in Sources */ = {isa = PBXBuildFile; fileRef = 5A7C73EA2463FB30009ABFC3 /* UserProfileVC.swift */; };
		5A7C73ED2463FB4A009ABFC3 /* UserHistoryVC.swift in Sources */ = {isa = PBXBuildFile; fileRef = 5A7C73EC2463FB4A009ABFC3 /* UserHistoryVC.swift */; };
		5A7C73EF2463FC29009ABFC3 /* UserBookingVC.swift in Sources */ = {isa = PBXBuildFile; fileRef = 5A7C73EE2463FC29009ABFC3 /* UserBookingVC.swift */; };
		5AA25D0B247CC4AD003D07E7 /* UserSignUpTableVC.swift in Sources */ = {isa = PBXBuildFile; fileRef = 5AA25D0A247CC4AD003D07E7 /* UserSignUpTableVC.swift */; };
		5AA25D0D247CC4F2003D07E7 /* UserSignUpVC.swift in Sources */ = {isa = PBXBuildFile; fileRef = 5AA25D0C247CC4F2003D07E7 /* UserSignUpVC.swift */; };
		5AB38F5F247DF587002739F7 /* UserHistoryCurrentBookingTableVC.swift in Sources */ = {isa = PBXBuildFile; fileRef = 5AB38F5E247DF587002739F7 /* UserHistoryCurrentBookingTableVC.swift */; };
		5AB38F61247E0906002739F7 /* UserHistoryCurrentBookingCell.swift in Sources */ = {isa = PBXBuildFile; fileRef = 5AB38F60247E0906002739F7 /* UserHistoryCurrentBookingCell.swift */; };
		832FC59A24741C6100B5AEF7 /* InProgressTableVC.swift in Sources */ = {isa = PBXBuildFile; fileRef = 832FC59924741C6100B5AEF7 /* InProgressTableVC.swift */; };
		832FC59C24742B9900B5AEF7 /* InProgressCell.swift in Sources */ = {isa = PBXBuildFile; fileRef = 832FC59B24742B9900B5AEF7 /* InProgressCell.swift */; };
		8330E3D4247959FF00C9A4A5 /* OwnerLoginTableVC.swift in Sources */ = {isa = PBXBuildFile; fileRef = 8330E3D3247959FF00C9A4A5 /* OwnerLoginTableVC.swift */; };
		8330E3D624798A2600C9A4A5 /* OwnerSignUpTableVC.swift in Sources */ = {isa = PBXBuildFile; fileRef = 8330E3D524798A2600C9A4A5 /* OwnerSignUpTableVC.swift */; };
		838744FB2474D9B8006F1D52 /* BookingModel.swift in Sources */ = {isa = PBXBuildFile; fileRef = 838744FA2474D9B8006F1D52 /* BookingModel.swift */; };
		8387454E2476421A006F1D52 /* OwnerProfileTableVC.swift in Sources */ = {isa = PBXBuildFile; fileRef = 8387454D2476421A006F1D52 /* OwnerProfileTableVC.swift */; };
		839BB72C247D2D3A00DB9AF9 /* UserProfileTableVC.swift in Sources */ = {isa = PBXBuildFile; fileRef = 839BB72B247D2D3A00DB9AF9 /* UserProfileTableVC.swift */; };
		839BB72E247D2DC900DB9AF9 /* UserEditProfileVC.swift in Sources */ = {isa = PBXBuildFile; fileRef = 839BB72D247D2DC900DB9AF9 /* UserEditProfileVC.swift */; };
		839BB730247D2DE500DB9AF9 /* UserEditProfileTableVC.swift in Sources */ = {isa = PBXBuildFile; fileRef = 839BB72F247D2DE500DB9AF9 /* UserEditProfileTableVC.swift */; };
		83B353BB2478CBE2000C027F /* OwnerLogin.storyboard in Resources */ = {isa = PBXBuildFile; fileRef = 83B353BA2478CBE2000C027F /* OwnerLogin.storyboard */; };
		83B353BD24790690000C027F /* OwnerLoginVC.swift in Sources */ = {isa = PBXBuildFile; fileRef = 83B353BC24790690000C027F /* OwnerLoginVC.swift */; };
		83B353BF2479079D000C027F /* OwnerSignUpVC.swift in Sources */ = {isa = PBXBuildFile; fileRef = 83B353BE2479079D000C027F /* OwnerSignUpVC.swift */; };
		83B353C124790C2B000C027F /* OwnerSignUp.storyboard in Resources */ = {isa = PBXBuildFile; fileRef = 83B353C024790C2B000C027F /* OwnerSignUp.storyboard */; };
		83B353C324790D24000C027F /* AutoshopRegistration.storyboard in Resources */ = {isa = PBXBuildFile; fileRef = 83B353C224790D24000C027F /* AutoshopRegistration.storyboard */; };
		83B353C524791FB0000C027F /* AutoshopRegistrationVC.swift in Sources */ = {isa = PBXBuildFile; fileRef = 83B353C424791FB0000C027F /* AutoshopRegistrationVC.swift */; };
		83B353C724792196000C027F /* AutoshopRegistTableVC.swift in Sources */ = {isa = PBXBuildFile; fileRef = 83B353C624792196000C027F /* AutoshopRegistTableVC.swift */; };
		83CCE7FF2463D7F7000EDF9C /* UserStoryboard.storyboard in Resources */ = {isa = PBXBuildFile; fileRef = 83CCE7FE2463D7F7000EDF9C /* UserStoryboard.storyboard */; };
		83CCE8012463D816000EDF9C /* OwnerStoryboard.storyboard in Resources */ = {isa = PBXBuildFile; fileRef = 83CCE8002463D816000EDF9C /* OwnerStoryboard.storyboard */; };
		83CCE80624645054000EDF9C /* OwnerInProgress.storyboard in Resources */ = {isa = PBXBuildFile; fileRef = 83CCE80524645054000EDF9C /* OwnerInProgress.storyboard */; };
		83CCE80824645064000EDF9C /* OwnerProfile.storyboard in Resources */ = {isa = PBXBuildFile; fileRef = 83CCE80724645064000EDF9C /* OwnerProfile.storyboard */; };
		83CCE80C246452BF000EDF9C /* OwnerProfileVC.swift in Sources */ = {isa = PBXBuildFile; fileRef = 83CCE80B246452BF000EDF9C /* OwnerProfileVC.swift */; };
		83CCE81224647F84000EDF9C /* Authoshop.swift in Sources */ = {isa = PBXBuildFile; fileRef = 83CCE81124647F84000EDF9C /* Authoshop.swift */; };
		B0E50AE485510AA55FE5D58A /* Pods_BengCall.framework in Frameworks */ = {isa = PBXBuildFile; fileRef = 5D3EB46ADE8C8D4898077654 /* Pods_BengCall.framework */; };
		D743F3AC2462761F00752C64 /* AppDelegate.swift in Sources */ = {isa = PBXBuildFile; fileRef = D743F3AB2462761F00752C64 /* AppDelegate.swift */; };
		D743F3AE2462761F00752C64 /* SceneDelegate.swift in Sources */ = {isa = PBXBuildFile; fileRef = D743F3AD2462761F00752C64 /* SceneDelegate.swift */; };
		D743F3B02462761F00752C64 /* MainVC.swift in Sources */ = {isa = PBXBuildFile; fileRef = D743F3AF2462761F00752C64 /* MainVC.swift */; };
		D743F3B32462761F00752C64 /* Main.storyboard in Resources */ = {isa = PBXBuildFile; fileRef = D743F3B12462761F00752C64 /* Main.storyboard */; };
		D743F3B62462761F00752C64 /* BengCall.xcdatamodeld in Sources */ = {isa = PBXBuildFile; fileRef = D743F3B42462761F00752C64 /* BengCall.xcdatamodeld */; };
		D743F3B82462761F00752C64 /* Assets.xcassets in Resources */ = {isa = PBXBuildFile; fileRef = D743F3B72462761F00752C64 /* Assets.xcassets */; };
		D743F3BB2462761F00752C64 /* LaunchScreen.storyboard in Resources */ = {isa = PBXBuildFile; fileRef = D743F3B92462761F00752C64 /* LaunchScreen.storyboard */; };
		D743F3DF24627BBD00752C64 /* .gitignore in Resources */ = {isa = PBXBuildFile; fileRef = D743F3DE24627BBD00752C64 /* .gitignore */; };
		D775BC9F24640027001C38A9 /* UserHomeVC.swift in Sources */ = {isa = PBXBuildFile; fileRef = D775BC9E24640027001C38A9 /* UserHomeVC.swift */; };
		D775BCA124642AC1001C38A9 /* AutoshopCollectionVC.swift in Sources */ = {isa = PBXBuildFile; fileRef = D775BCA024642AC1001C38A9 /* AutoshopCollectionVC.swift */; };
		D7878A462464EB57000CF72C /* SearchAutoShopVC.swift in Sources */ = {isa = PBXBuildFile; fileRef = D7878A452464EB57000CF72C /* SearchAutoShopVC.swift */; };
		D798AF012471730D001427FB /* AutoShopDetailVC.swift in Sources */ = {isa = PBXBuildFile; fileRef = D798AF002471730D001427FB /* AutoShopDetailVC.swift */; };
/* End PBXBuildFile section */

/* Begin PBXFileReference section */
		360892B3FCCE4A19D93D7590 /* Pods-BengCall.debug.xcconfig */ = {isa = PBXFileReference; includeInIndex = 1; lastKnownFileType = text.xcconfig; name = "Pods-BengCall.debug.xcconfig"; path = "Target Support Files/Pods-BengCall/Pods-BengCall.debug.xcconfig"; sourceTree = "<group>"; };
		4F98F8120DEBA795704BBE22 /* Pods-BengCall.release.xcconfig */ = {isa = PBXFileReference; includeInIndex = 1; lastKnownFileType = text.xcconfig; name = "Pods-BengCall.release.xcconfig"; path = "Target Support Files/Pods-BengCall/Pods-BengCall.release.xcconfig"; sourceTree = "<group>"; };
		5A16A4772471908700AA4D4D /* SearchViewTableVC.swift */ = {isa = PBXFileReference; lastKnownFileType = sourcecode.swift; path = SearchViewTableVC.swift; sourceTree = "<group>"; };
		5A54A5E32476616B00092736 /* UserSignUp.storyboard */ = {isa = PBXFileReference; lastKnownFileType = file.storyboard; path = UserSignUp.storyboard; sourceTree = "<group>"; };
		5A54A5E52476683800092736 /* BengCall.entitlements */ = {isa = PBXFileReference; lastKnownFileType = text.plist.entitlements; path = BengCall.entitlements; sourceTree = "<group>"; };
		5A54A5E72476685B00092736 /* CloudKit.framework */ = {isa = PBXFileReference; lastKnownFileType = wrapper.framework; name = CloudKit.framework; path = System/Library/Frameworks/CloudKit.framework; sourceTree = SDKROOT; };
		5A54A5E9247668E100092736 /* CloudKitHelper.swift */ = {isa = PBXFileReference; lastKnownFileType = sourcecode.swift; path = CloudKitHelper.swift; sourceTree = "<group>"; };
		5A7C73DE2463F4D4009ABFC3 /* UserSearchLocation.storyboard */ = {isa = PBXFileReference; lastKnownFileType = file.storyboard; path = UserSearchLocation.storyboard; sourceTree = "<group>"; };
		5A7C73E02463F503009ABFC3 /* UserSearchLocationVC.swift */ = {isa = PBXFileReference; lastKnownFileType = sourcecode.swift; path = UserSearchLocationVC.swift; sourceTree = "<group>"; };
		5A7C73E62463F935009ABFC3 /* UserProfile.storyboard */ = {isa = PBXFileReference; lastKnownFileType = file.storyboard; path = UserProfile.storyboard; sourceTree = "<group>"; };
		5A7C73E82463FA82009ABFC3 /* UserHistory.storyboard */ = {isa = PBXFileReference; lastKnownFileType = file.storyboard; path = UserHistory.storyboard; sourceTree = "<group>"; };
		5A7C73EA2463FB30009ABFC3 /* UserProfileVC.swift */ = {isa = PBXFileReference; lastKnownFileType = sourcecode.swift; path = UserProfileVC.swift; sourceTree = "<group>"; };
		5A7C73EC2463FB4A009ABFC3 /* UserHistoryVC.swift */ = {isa = PBXFileReference; lastKnownFileType = sourcecode.swift; path = UserHistoryVC.swift; sourceTree = "<group>"; };
		5A7C73EE2463FC29009ABFC3 /* UserBookingVC.swift */ = {isa = PBXFileReference; lastKnownFileType = sourcecode.swift; path = UserBookingVC.swift; sourceTree = "<group>"; };
		5AA25D0A247CC4AD003D07E7 /* UserSignUpTableVC.swift */ = {isa = PBXFileReference; lastKnownFileType = sourcecode.swift; path = UserSignUpTableVC.swift; sourceTree = "<group>"; };
		5AA25D0C247CC4F2003D07E7 /* UserSignUpVC.swift */ = {isa = PBXFileReference; lastKnownFileType = sourcecode.swift; path = UserSignUpVC.swift; sourceTree = "<group>"; };

		5AB38F5E247DF587002739F7 /* UserHistoryCurrentBookingTableVC.swift */ = {isa = PBXFileReference; lastKnownFileType = sourcecode.swift; path = UserHistoryCurrentBookingTableVC.swift; sourceTree = "<group>"; };
		5AB38F60247E0906002739F7 /* UserHistoryCurrentBookingCell.swift */ = {isa = PBXFileReference; lastKnownFileType = sourcecode.swift; path = UserHistoryCurrentBookingCell.swift; sourceTree = "<group>"; };
		5D3EB46ADE8C8D4898077654 /* Pods_BengCall.framework */ = {isa = PBXFileReference; explicitFileType = wrapper.framework; includeInIndex = 0; path = Pods_BengCall.framework; sourceTree = BUILT_PRODUCTS_DIR; };
		832FC59924741C6100B5AEF7 /* InProgressTableVC.swift */ = {isa = PBXFileReference; lastKnownFileType = sourcecode.swift; path = InProgressTableVC.swift; sourceTree = "<group>"; };
		832FC59B24742B9900B5AEF7 /* InProgressCell.swift */ = {isa = PBXFileReference; lastKnownFileType = sourcecode.swift; path = InProgressCell.swift; sourceTree = "<group>"; };
		8330E3D3247959FF00C9A4A5 /* OwnerLoginTableVC.swift */ = {isa = PBXFileReference; lastKnownFileType = sourcecode.swift; path = OwnerLoginTableVC.swift; sourceTree = "<group>"; };
		8330E3D524798A2600C9A4A5 /* OwnerSignUpTableVC.swift */ = {isa = PBXFileReference; lastKnownFileType = sourcecode.swift; path = OwnerSignUpTableVC.swift; sourceTree = "<group>"; };
		838744FA2474D9B8006F1D52 /* BookingModel.swift */ = {isa = PBXFileReference; lastKnownFileType = sourcecode.swift; path = BookingModel.swift; sourceTree = "<group>"; };
		8387454D2476421A006F1D52 /* OwnerProfileTableVC.swift */ = {isa = PBXFileReference; lastKnownFileType = sourcecode.swift; path = OwnerProfileTableVC.swift; sourceTree = "<group>"; };
		839BB72B247D2D3A00DB9AF9 /* UserProfileTableVC.swift */ = {isa = PBXFileReference; lastKnownFileType = sourcecode.swift; path = UserProfileTableVC.swift; sourceTree = "<group>"; };
		839BB72D247D2DC900DB9AF9 /* UserEditProfileVC.swift */ = {isa = PBXFileReference; lastKnownFileType = sourcecode.swift; path = UserEditProfileVC.swift; sourceTree = "<group>"; };
		839BB72F247D2DE500DB9AF9 /* UserEditProfileTableVC.swift */ = {isa = PBXFileReference; lastKnownFileType = sourcecode.swift; path = UserEditProfileTableVC.swift; sourceTree = "<group>"; };
		83B353BA2478CBE2000C027F /* OwnerLogin.storyboard */ = {isa = PBXFileReference; lastKnownFileType = file.storyboard; path = OwnerLogin.storyboard; sourceTree = "<group>"; };
		83B353BC24790690000C027F /* OwnerLoginVC.swift */ = {isa = PBXFileReference; lastKnownFileType = sourcecode.swift; path = OwnerLoginVC.swift; sourceTree = "<group>"; };
		83B353BE2479079D000C027F /* OwnerSignUpVC.swift */ = {isa = PBXFileReference; lastKnownFileType = sourcecode.swift; path = OwnerSignUpVC.swift; sourceTree = "<group>"; };
		83B353C024790C2B000C027F /* OwnerSignUp.storyboard */ = {isa = PBXFileReference; lastKnownFileType = file.storyboard; path = OwnerSignUp.storyboard; sourceTree = "<group>"; };
		83B353C224790D24000C027F /* AutoshopRegistration.storyboard */ = {isa = PBXFileReference; lastKnownFileType = file.storyboard; path = AutoshopRegistration.storyboard; sourceTree = "<group>"; };
		83B353C424791FB0000C027F /* AutoshopRegistrationVC.swift */ = {isa = PBXFileReference; lastKnownFileType = sourcecode.swift; path = AutoshopRegistrationVC.swift; sourceTree = "<group>"; };
		83B353C624792196000C027F /* AutoshopRegistTableVC.swift */ = {isa = PBXFileReference; lastKnownFileType = sourcecode.swift; path = AutoshopRegistTableVC.swift; sourceTree = "<group>"; };
		83CCE7FE2463D7F7000EDF9C /* UserStoryboard.storyboard */ = {isa = PBXFileReference; lastKnownFileType = file.storyboard; path = UserStoryboard.storyboard; sourceTree = "<group>"; };
		83CCE8002463D816000EDF9C /* OwnerStoryboard.storyboard */ = {isa = PBXFileReference; lastKnownFileType = file.storyboard; path = OwnerStoryboard.storyboard; sourceTree = "<group>"; };
		83CCE80524645054000EDF9C /* OwnerInProgress.storyboard */ = {isa = PBXFileReference; lastKnownFileType = file.storyboard; path = OwnerInProgress.storyboard; sourceTree = "<group>"; };
		83CCE80724645064000EDF9C /* OwnerProfile.storyboard */ = {isa = PBXFileReference; lastKnownFileType = file.storyboard; path = OwnerProfile.storyboard; sourceTree = "<group>"; };
		83CCE80B246452BF000EDF9C /* OwnerProfileVC.swift */ = {isa = PBXFileReference; lastKnownFileType = sourcecode.swift; name = OwnerProfileVC.swift; path = BengCall/Controllers/Owner/OwnerProfileVC.swift; sourceTree = SOURCE_ROOT; };
		83CCE81124647F84000EDF9C /* Authoshop.swift */ = {isa = PBXFileReference; lastKnownFileType = sourcecode.swift; path = Authoshop.swift; sourceTree = "<group>"; };
		D743F3A82462761F00752C64 /* BengCall.app */ = {isa = PBXFileReference; explicitFileType = wrapper.application; includeInIndex = 0; path = BengCall.app; sourceTree = BUILT_PRODUCTS_DIR; };
		D743F3AB2462761F00752C64 /* AppDelegate.swift */ = {isa = PBXFileReference; lastKnownFileType = sourcecode.swift; path = AppDelegate.swift; sourceTree = "<group>"; };
		D743F3AD2462761F00752C64 /* SceneDelegate.swift */ = {isa = PBXFileReference; lastKnownFileType = sourcecode.swift; path = SceneDelegate.swift; sourceTree = "<group>"; };
		D743F3AF2462761F00752C64 /* MainVC.swift */ = {isa = PBXFileReference; lastKnownFileType = sourcecode.swift; path = MainVC.swift; sourceTree = "<group>"; };
		D743F3B22462761F00752C64 /* Base */ = {isa = PBXFileReference; lastKnownFileType = file.storyboard; name = Base; path = Base.lproj/Main.storyboard; sourceTree = "<group>"; };
		D743F3B52462761F00752C64 /* BengCall.xcdatamodel */ = {isa = PBXFileReference; lastKnownFileType = wrapper.xcdatamodel; path = BengCall.xcdatamodel; sourceTree = "<group>"; };
		D743F3B72462761F00752C64 /* Assets.xcassets */ = {isa = PBXFileReference; lastKnownFileType = folder.assetcatalog; path = Assets.xcassets; sourceTree = "<group>"; };
		D743F3BA2462761F00752C64 /* Base */ = {isa = PBXFileReference; lastKnownFileType = file.storyboard; name = Base; path = Base.lproj/LaunchScreen.storyboard; sourceTree = "<group>"; };
		D743F3BC2462761F00752C64 /* Info.plist */ = {isa = PBXFileReference; lastKnownFileType = text.plist.xml; path = Info.plist; sourceTree = "<group>"; };
		D743F3C52462761F00752C64 /* BengCallTests.swift */ = {isa = PBXFileReference; lastKnownFileType = sourcecode.swift; path = BengCallTests.swift; sourceTree = "<group>"; };
		D743F3C72462761F00752C64 /* Info.plist */ = {isa = PBXFileReference; lastKnownFileType = text.plist.xml; path = Info.plist; sourceTree = "<group>"; };
		D743F3D02462761F00752C64 /* BengCallUITests.swift */ = {isa = PBXFileReference; lastKnownFileType = sourcecode.swift; path = BengCallUITests.swift; sourceTree = "<group>"; };
		D743F3D22462761F00752C64 /* Info.plist */ = {isa = PBXFileReference; lastKnownFileType = text.plist.xml; path = Info.plist; sourceTree = "<group>"; };
		D743F3DE24627BBD00752C64 /* .gitignore */ = {isa = PBXFileReference; lastKnownFileType = text; path = .gitignore; sourceTree = "<group>"; };
		D775BC9E24640027001C38A9 /* UserHomeVC.swift */ = {isa = PBXFileReference; lastKnownFileType = sourcecode.swift; path = UserHomeVC.swift; sourceTree = "<group>"; };
		D775BCA024642AC1001C38A9 /* AutoshopCollectionVC.swift */ = {isa = PBXFileReference; lastKnownFileType = sourcecode.swift; path = AutoshopCollectionVC.swift; sourceTree = "<group>"; };
		D7878A452464EB57000CF72C /* SearchAutoShopVC.swift */ = {isa = PBXFileReference; lastKnownFileType = sourcecode.swift; path = SearchAutoShopVC.swift; sourceTree = "<group>"; };
		D798AF002471730D001427FB /* AutoShopDetailVC.swift */ = {isa = PBXFileReference; lastKnownFileType = sourcecode.swift; path = AutoShopDetailVC.swift; sourceTree = "<group>"; };
/* End PBXFileReference section */

/* Begin PBXFrameworksBuildPhase section */
		D743F3A52462761F00752C64 /* Frameworks */ = {
			isa = PBXFrameworksBuildPhase;
			buildActionMask = 2147483647;
			files = (
				5A54A5E82476685B00092736 /* CloudKit.framework in Frameworks */,
				B0E50AE485510AA55FE5D58A /* Pods_BengCall.framework in Frameworks */,
			);
			runOnlyForDeploymentPostprocessing = 0;
		};
/* End PBXFrameworksBuildPhase section */

/* Begin PBXGroup section */
		42B369D78A79F12613F326CF /* Pods */ = {
			isa = PBXGroup;
			children = (
				360892B3FCCE4A19D93D7590 /* Pods-BengCall.debug.xcconfig */,
				4F98F8120DEBA795704BBE22 /* Pods-BengCall.release.xcconfig */,
			);
			path = Pods;
			sourceTree = "<group>";
		};
		5A54A5E62476685B00092736 /* Frameworks */ = {
			isa = PBXGroup;
			children = (
				5A54A5E72476685B00092736 /* CloudKit.framework */,
				5D3EB46ADE8C8D4898077654 /* Pods_BengCall.framework */,
			);
			name = Frameworks;
			sourceTree = "<group>";
		};
		5A7C73E22463F740009ABFC3 /* User */ = {
			isa = PBXGroup;
			children = (
				83CCE7FE2463D7F7000EDF9C /* UserStoryboard.storyboard */,
				5A7C73E82463FA82009ABFC3 /* UserHistory.storyboard */,
				5A7C73E62463F935009ABFC3 /* UserProfile.storyboard */,
				5A7C73DE2463F4D4009ABFC3 /* UserSearchLocation.storyboard */,
				5A54A5E32476616B00092736 /* UserSignUp.storyboard */,
			);
			path = User;
			sourceTree = "<group>";
		};
		5A7C73E32463F757009ABFC3 /* Owner */ = {
			isa = PBXGroup;
			children = (
				83B353BA2478CBE2000C027F /* OwnerLogin.storyboard */,
				83B353C024790C2B000C027F /* OwnerSignUp.storyboard */,
				83B353C224790D24000C027F /* AutoshopRegistration.storyboard */,
				83CCE8002463D816000EDF9C /* OwnerStoryboard.storyboard */,
				83CCE80524645054000EDF9C /* OwnerInProgress.storyboard */,
				83CCE80724645064000EDF9C /* OwnerProfile.storyboard */,
			);
			path = Owner;
			sourceTree = "<group>";
		};
		5A7C73E42463F896009ABFC3 /* User */ = {
			isa = PBXGroup;
			children = (
				D7878A452464EB57000CF72C /* SearchAutoShopVC.swift */,
				5A7C73EA2463FB30009ABFC3 /* UserProfileVC.swift */,
				839BB72D247D2DC900DB9AF9 /* UserEditProfileVC.swift */,
				839BB72F247D2DE500DB9AF9 /* UserEditProfileTableVC.swift */,
				839BB72B247D2D3A00DB9AF9 /* UserProfileTableVC.swift */,
				D798AF002471730D001427FB /* AutoShopDetailVC.swift */,
				5A7C73EE2463FC29009ABFC3 /* UserBookingVC.swift */,
				D775BC9E24640027001C38A9 /* UserHomeVC.swift */,
				D775BCA024642AC1001C38A9 /* AutoshopCollectionVC.swift */,
				5A7C73E02463F503009ABFC3 /* UserSearchLocationVC.swift */,
				5A16A4772471908700AA4D4D /* SearchViewTableVC.swift */,
				5AA25D0A247CC4AD003D07E7 /* UserSignUpTableVC.swift */,
				5AA25D0C247CC4F2003D07E7 /* UserSignUpVC.swift */,
				5A7C73EC2463FB4A009ABFC3 /* UserHistoryVC.swift */,
				5AB38F5E247DF587002739F7 /* UserHistoryCurrentBookingTableVC.swift */,
				5AB38F60247E0906002739F7 /* UserHistoryCurrentBookingCell.swift */,
			);
			path = User;
			sourceTree = "<group>";
		};
		83CCE8022463D8D5000EDF9C /* Views */ = {
			isa = PBXGroup;
			children = (
				D743F3B12462761F00752C64 /* Main.storyboard */,
				5A7C73E22463F740009ABFC3 /* User */,
				5A7C73E32463F757009ABFC3 /* Owner */,
			);
			path = Views;
			sourceTree = "<group>";
		};
		83CCE8032463D905000EDF9C /* Models */ = {
			isa = PBXGroup;
			children = (
				D743F3B42462761F00752C64 /* BengCall.xcdatamodeld */,
				83CCE81124647F84000EDF9C /* Authoshop.swift */,
				838744FA2474D9B8006F1D52 /* BookingModel.swift */,
				5A54A5E9247668E100092736 /* CloudKitHelper.swift */,
			);
			path = Models;
			sourceTree = "<group>";
		};
		83CCE8042463D90B000EDF9C /* Controllers */ = {
			isa = PBXGroup;
			children = (
				D743F3AF2462761F00752C64 /* MainVC.swift */,
				D7878A472464FF20000CF72C /* Owner */,
				5A7C73E42463F896009ABFC3 /* User */,
			);
			path = Controllers;
			sourceTree = "<group>";
		};
		D743F39F2462761F00752C64 = {
			isa = PBXGroup;
			children = (
				D743F3DE24627BBD00752C64 /* .gitignore */,
				D743F3AA2462761F00752C64 /* BengCall */,
				D743F3C42462761F00752C64 /* BengCallTests */,
				D743F3CF2462761F00752C64 /* BengCallUITests */,
				D743F3A92462761F00752C64 /* Products */,
				5A54A5E62476685B00092736 /* Frameworks */,
				42B369D78A79F12613F326CF /* Pods */,
			);
			sourceTree = "<group>";
		};
		D743F3A92462761F00752C64 /* Products */ = {
			isa = PBXGroup;
			children = (
				D743F3A82462761F00752C64 /* BengCall.app */,
			);
			name = Products;
			sourceTree = "<group>";
		};
		D743F3AA2462761F00752C64 /* BengCall */ = {
			isa = PBXGroup;
			children = (
				5A54A5E52476683800092736 /* BengCall.entitlements */,
				D743F3AB2462761F00752C64 /* AppDelegate.swift */,
				D743F3AD2462761F00752C64 /* SceneDelegate.swift */,
				83CCE8032463D905000EDF9C /* Models */,
				83CCE8042463D90B000EDF9C /* Controllers */,
				83CCE8022463D8D5000EDF9C /* Views */,
				D743F3B72462761F00752C64 /* Assets.xcassets */,
				D743F3B92462761F00752C64 /* LaunchScreen.storyboard */,
				D743F3BC2462761F00752C64 /* Info.plist */,
			);
			path = BengCall;
			sourceTree = "<group>";
		};
		D743F3C42462761F00752C64 /* BengCallTests */ = {
			isa = PBXGroup;
			children = (
				D743F3C52462761F00752C64 /* BengCallTests.swift */,
				D743F3C72462761F00752C64 /* Info.plist */,
			);
			path = BengCallTests;
			sourceTree = "<group>";
		};
		D743F3CF2462761F00752C64 /* BengCallUITests */ = {
			isa = PBXGroup;
			children = (
				D743F3D02462761F00752C64 /* BengCallUITests.swift */,
				D743F3D22462761F00752C64 /* Info.plist */,
			);
			path = BengCallUITests;
			sourceTree = "<group>";
		};
		D7878A472464FF20000CF72C /* Owner */ = {
			isa = PBXGroup;
			children = (
				83B353BC24790690000C027F /* OwnerLoginVC.swift */,
				8330E3D3247959FF00C9A4A5 /* OwnerLoginTableVC.swift */,
				83B353BE2479079D000C027F /* OwnerSignUpVC.swift */,
				8330E3D524798A2600C9A4A5 /* OwnerSignUpTableVC.swift */,
				83B353C424791FB0000C027F /* AutoshopRegistrationVC.swift */,
				83B353C624792196000C027F /* AutoshopRegistTableVC.swift */,
				832FC59B24742B9900B5AEF7 /* InProgressCell.swift */,
				832FC59924741C6100B5AEF7 /* InProgressTableVC.swift */,
				83CCE80B246452BF000EDF9C /* OwnerProfileVC.swift */,
				8387454D2476421A006F1D52 /* OwnerProfileTableVC.swift */,
			);
			path = Owner;
			sourceTree = "<group>";
		};
/* End PBXGroup section */

/* Begin PBXNativeTarget section */
		D743F3A72462761F00752C64 /* BengCall */ = {
			isa = PBXNativeTarget;
			buildConfigurationList = D743F3D52462761F00752C64 /* Build configuration list for PBXNativeTarget "BengCall" */;
			buildPhases = (
				6ABF968306E86167E08519CD /* [CP] Check Pods Manifest.lock */,
				D743F3A42462761F00752C64 /* Sources */,
				D743F3A52462761F00752C64 /* Frameworks */,
				D743F3A62462761F00752C64 /* Resources */,
				73C0490D4246EE113CE4202C /* [CP] Embed Pods Frameworks */,
			);
			buildRules = (
			);
			dependencies = (
			);
			name = BengCall;
			productName = BengCall;
			productReference = D743F3A82462761F00752C64 /* BengCall.app */;
			productType = "com.apple.product-type.application";
		};
/* End PBXNativeTarget section */

/* Begin PBXProject section */
		D743F3A02462761F00752C64 /* Project object */ = {
			isa = PBXProject;
			attributes = {
				LastSwiftUpdateCheck = 1140;
				LastUpgradeCheck = 1140;
				ORGANIZATIONNAME = "Calvin Leonardo";
				TargetAttributes = {
					D743F3A72462761F00752C64 = {
						CreatedOnToolsVersion = 11.4;
					};
				};
			};
			buildConfigurationList = D743F3A32462761F00752C64 /* Build configuration list for PBXProject "BengCall" */;
			compatibilityVersion = "Xcode 9.3";
			developmentRegion = en;
			hasScannedForEncodings = 0;
			knownRegions = (
				en,
				Base,
			);
			mainGroup = D743F39F2462761F00752C64;
			productRefGroup = D743F3A92462761F00752C64 /* Products */;
			projectDirPath = "";
			projectRoot = "";
			targets = (
				D743F3A72462761F00752C64 /* BengCall */,
			);
		};
/* End PBXProject section */

/* Begin PBXResourcesBuildPhase section */
		D743F3A62462761F00752C64 /* Resources */ = {
			isa = PBXResourcesBuildPhase;
			buildActionMask = 2147483647;
			files = (
				D743F3DF24627BBD00752C64 /* .gitignore in Resources */,
				83B353C124790C2B000C027F /* OwnerSignUp.storyboard in Resources */,
				83CCE8012463D816000EDF9C /* OwnerStoryboard.storyboard in Resources */,
				5A7C73DF2463F4D4009ABFC3 /* UserSearchLocation.storyboard in Resources */,
				83B353C324790D24000C027F /* AutoshopRegistration.storyboard in Resources */,
				5A7C73E92463FA82009ABFC3 /* UserHistory.storyboard in Resources */,
				D743F3BB2462761F00752C64 /* LaunchScreen.storyboard in Resources */,
				83CCE80824645064000EDF9C /* OwnerProfile.storyboard in Resources */,
				83CCE80624645054000EDF9C /* OwnerInProgress.storyboard in Resources */,
				D743F3B82462761F00752C64 /* Assets.xcassets in Resources */,
				5A7C73E72463F935009ABFC3 /* UserProfile.storyboard in Resources */,
				5A54A5E42476616B00092736 /* UserSignUp.storyboard in Resources */,
				83CCE7FF2463D7F7000EDF9C /* UserStoryboard.storyboard in Resources */,
				83B353BB2478CBE2000C027F /* OwnerLogin.storyboard in Resources */,
				D743F3B32462761F00752C64 /* Main.storyboard in Resources */,
			);
			runOnlyForDeploymentPostprocessing = 0;
		};
/* End PBXResourcesBuildPhase section */

/* Begin PBXShellScriptBuildPhase section */
		6ABF968306E86167E08519CD /* [CP] Check Pods Manifest.lock */ = {
			isa = PBXShellScriptBuildPhase;
			buildActionMask = 2147483647;
			files = (
			);
			inputFileListPaths = (
			);
			inputPaths = (
				"${PODS_PODFILE_DIR_PATH}/Podfile.lock",
				"${PODS_ROOT}/Manifest.lock",
			);
			name = "[CP] Check Pods Manifest.lock";
			outputFileListPaths = (
			);
			outputPaths = (
				"$(DERIVED_FILE_DIR)/Pods-BengCall-checkManifestLockResult.txt",
			);
			runOnlyForDeploymentPostprocessing = 0;
			shellPath = /bin/sh;
			shellScript = "diff \"${PODS_PODFILE_DIR_PATH}/Podfile.lock\" \"${PODS_ROOT}/Manifest.lock\" > /dev/null\nif [ $? != 0 ] ; then\n    # print error to STDERR\n    echo \"error: The sandbox is not in sync with the Podfile.lock. Run 'pod install' or update your CocoaPods installation.\" >&2\n    exit 1\nfi\n# This output is used by Xcode 'outputs' to avoid re-running this script phase.\necho \"SUCCESS\" > \"${SCRIPT_OUTPUT_FILE_0}\"\n";
			showEnvVarsInLog = 0;
		};
		73C0490D4246EE113CE4202C /* [CP] Embed Pods Frameworks */ = {
			isa = PBXShellScriptBuildPhase;
			buildActionMask = 2147483647;
			files = (
			);
			inputFileListPaths = (
				"${PODS_ROOT}/Target Support Files/Pods-BengCall/Pods-BengCall-frameworks-${CONFIGURATION}-input-files.xcfilelist",
			);
			name = "[CP] Embed Pods Frameworks";
			outputFileListPaths = (
				"${PODS_ROOT}/Target Support Files/Pods-BengCall/Pods-BengCall-frameworks-${CONFIGURATION}-output-files.xcfilelist",
			);
			runOnlyForDeploymentPostprocessing = 0;
			shellPath = /bin/sh;
			shellScript = "\"${PODS_ROOT}/Target Support Files/Pods-BengCall/Pods-BengCall-frameworks.sh\"\n";
			showEnvVarsInLog = 0;
		};
/* End PBXShellScriptBuildPhase section */

/* Begin PBXSourcesBuildPhase section */
		D743F3A42462761F00752C64 /* Sources */ = {
			isa = PBXSourcesBuildPhase;
			buildActionMask = 2147483647;
			files = (
				D798AF012471730D001427FB /* AutoShopDetailVC.swift in Sources */,
				839BB730247D2DE500DB9AF9 /* UserEditProfileTableVC.swift in Sources */,
				83B353C524791FB0000C027F /* AutoshopRegistrationVC.swift in Sources */,
				83CCE81224647F84000EDF9C /* Authoshop.swift in Sources */,
				D743F3B02462761F00752C64 /* MainVC.swift in Sources */,
				D743F3B62462761F00752C64 /* BengCall.xcdatamodeld in Sources */,
				D7878A462464EB57000CF72C /* SearchAutoShopVC.swift in Sources */,
				D743F3AC2462761F00752C64 /* AppDelegate.swift in Sources */,
				D743F3AE2462761F00752C64 /* SceneDelegate.swift in Sources */,
				832FC59A24741C6100B5AEF7 /* InProgressTableVC.swift in Sources */,
				83B353BD24790690000C027F /* OwnerLoginVC.swift in Sources */,
				5A54A5EA247668E100092736 /* CloudKitHelper.swift in Sources */,
				5A7C73E12463F503009ABFC3 /* UserSearchLocationVC.swift in Sources */,
				5A7C73EB2463FB30009ABFC3 /* UserProfileVC.swift in Sources */,
				5A16A4782471908700AA4D4D /* SearchViewTableVC.swift in Sources */,
				5AB38F5F247DF587002739F7 /* UserHistoryCurrentBookingTableVC.swift in Sources */,
				839BB72C247D2D3A00DB9AF9 /* UserProfileTableVC.swift in Sources */,
				8387454E2476421A006F1D52 /* OwnerProfileTableVC.swift in Sources */,
				8330E3D624798A2600C9A4A5 /* OwnerSignUpTableVC.swift in Sources */,
				5A7C73ED2463FB4A009ABFC3 /* UserHistoryVC.swift in Sources */,
				83B353C724792196000C027F /* AutoshopRegistTableVC.swift in Sources */,
				5AB38F61247E0906002739F7 /* UserHistoryCurrentBookingCell.swift in Sources */,
				832FC59C24742B9900B5AEF7 /* InProgressCell.swift in Sources */,
				5AA25D0D247CC4F2003D07E7 /* UserSignUpVC.swift in Sources */,
				D775BC9F24640027001C38A9 /* UserHomeVC.swift in Sources */,
				5AA25D0B247CC4AD003D07E7 /* UserSignUpTableVC.swift in Sources */,
				83CCE80C246452BF000EDF9C /* OwnerProfileVC.swift in Sources */,
				83B353BF2479079D000C027F /* OwnerSignUpVC.swift in Sources */,
				8330E3D4247959FF00C9A4A5 /* OwnerLoginTableVC.swift in Sources */,
				5A7C73EF2463FC29009ABFC3 /* UserBookingVC.swift in Sources */,
				839BB72E247D2DC900DB9AF9 /* UserEditProfileVC.swift in Sources */,
				D775BCA124642AC1001C38A9 /* AutoshopCollectionVC.swift in Sources */,
				838744FB2474D9B8006F1D52 /* BookingModel.swift in Sources */,
			);
			runOnlyForDeploymentPostprocessing = 0;
		};
/* End PBXSourcesBuildPhase section */

/* Begin PBXVariantGroup section */
		D743F3B12462761F00752C64 /* Main.storyboard */ = {
			isa = PBXVariantGroup;
			children = (
				D743F3B22462761F00752C64 /* Base */,
			);
			name = Main.storyboard;
			sourceTree = "<group>";
		};
		D743F3B92462761F00752C64 /* LaunchScreen.storyboard */ = {
			isa = PBXVariantGroup;
			children = (
				D743F3BA2462761F00752C64 /* Base */,
			);
			name = LaunchScreen.storyboard;
			sourceTree = "<group>";
		};
/* End PBXVariantGroup section */

/* Begin XCBuildConfiguration section */
		D743F3D32462761F00752C64 /* Debug */ = {
			isa = XCBuildConfiguration;
			buildSettings = {
				ALWAYS_SEARCH_USER_PATHS = NO;
				CLANG_ANALYZER_NONNULL = YES;
				CLANG_ANALYZER_NUMBER_OBJECT_CONVERSION = YES_AGGRESSIVE;
				CLANG_CXX_LANGUAGE_STANDARD = "gnu++14";
				CLANG_CXX_LIBRARY = "libc++";
				CLANG_ENABLE_MODULES = YES;
				CLANG_ENABLE_OBJC_ARC = YES;
				CLANG_ENABLE_OBJC_WEAK = YES;
				CLANG_WARN_BLOCK_CAPTURE_AUTORELEASING = YES;
				CLANG_WARN_BOOL_CONVERSION = YES;
				CLANG_WARN_COMMA = YES;
				CLANG_WARN_CONSTANT_CONVERSION = YES;
				CLANG_WARN_DEPRECATED_OBJC_IMPLEMENTATIONS = YES;
				CLANG_WARN_DIRECT_OBJC_ISA_USAGE = YES_ERROR;
				CLANG_WARN_DOCUMENTATION_COMMENTS = YES;
				CLANG_WARN_EMPTY_BODY = YES;
				CLANG_WARN_ENUM_CONVERSION = YES;
				CLANG_WARN_INFINITE_RECURSION = YES;
				CLANG_WARN_INT_CONVERSION = YES;
				CLANG_WARN_NON_LITERAL_NULL_CONVERSION = YES;
				CLANG_WARN_OBJC_IMPLICIT_RETAIN_SELF = YES;
				CLANG_WARN_OBJC_LITERAL_CONVERSION = YES;
				CLANG_WARN_OBJC_ROOT_CLASS = YES_ERROR;
				CLANG_WARN_RANGE_LOOP_ANALYSIS = YES;
				CLANG_WARN_STRICT_PROTOTYPES = YES;
				CLANG_WARN_SUSPICIOUS_MOVE = YES;
				CLANG_WARN_UNGUARDED_AVAILABILITY = YES_AGGRESSIVE;
				CLANG_WARN_UNREACHABLE_CODE = YES;
				CLANG_WARN__DUPLICATE_METHOD_MATCH = YES;
				COPY_PHASE_STRIP = NO;
				DEBUG_INFORMATION_FORMAT = dwarf;
				ENABLE_STRICT_OBJC_MSGSEND = YES;
				ENABLE_TESTABILITY = YES;
				GCC_C_LANGUAGE_STANDARD = gnu11;
				GCC_DYNAMIC_NO_PIC = NO;
				GCC_NO_COMMON_BLOCKS = YES;
				GCC_OPTIMIZATION_LEVEL = 0;
				GCC_PREPROCESSOR_DEFINITIONS = (
					"DEBUG=1",
					"$(inherited)",
				);
				GCC_WARN_64_TO_32_BIT_CONVERSION = YES;
				GCC_WARN_ABOUT_RETURN_TYPE = YES_ERROR;
				GCC_WARN_UNDECLARED_SELECTOR = YES;
				GCC_WARN_UNINITIALIZED_AUTOS = YES_AGGRESSIVE;
				GCC_WARN_UNUSED_FUNCTION = YES;
				GCC_WARN_UNUSED_VARIABLE = YES;
				IPHONEOS_DEPLOYMENT_TARGET = 13.0;
				MTL_ENABLE_DEBUG_INFO = INCLUDE_SOURCE;
				MTL_FAST_MATH = YES;
				ONLY_ACTIVE_ARCH = YES;
				SDKROOT = iphoneos;
				SWIFT_ACTIVE_COMPILATION_CONDITIONS = DEBUG;
				SWIFT_OPTIMIZATION_LEVEL = "-Onone";
			};
			name = Debug;
		};
		D743F3D42462761F00752C64 /* Release */ = {
			isa = XCBuildConfiguration;
			buildSettings = {
				ALWAYS_SEARCH_USER_PATHS = NO;
				CLANG_ANALYZER_NONNULL = YES;
				CLANG_ANALYZER_NUMBER_OBJECT_CONVERSION = YES_AGGRESSIVE;
				CLANG_CXX_LANGUAGE_STANDARD = "gnu++14";
				CLANG_CXX_LIBRARY = "libc++";
				CLANG_ENABLE_MODULES = YES;
				CLANG_ENABLE_OBJC_ARC = YES;
				CLANG_ENABLE_OBJC_WEAK = YES;
				CLANG_WARN_BLOCK_CAPTURE_AUTORELEASING = YES;
				CLANG_WARN_BOOL_CONVERSION = YES;
				CLANG_WARN_COMMA = YES;
				CLANG_WARN_CONSTANT_CONVERSION = YES;
				CLANG_WARN_DEPRECATED_OBJC_IMPLEMENTATIONS = YES;
				CLANG_WARN_DIRECT_OBJC_ISA_USAGE = YES_ERROR;
				CLANG_WARN_DOCUMENTATION_COMMENTS = YES;
				CLANG_WARN_EMPTY_BODY = YES;
				CLANG_WARN_ENUM_CONVERSION = YES;
				CLANG_WARN_INFINITE_RECURSION = YES;
				CLANG_WARN_INT_CONVERSION = YES;
				CLANG_WARN_NON_LITERAL_NULL_CONVERSION = YES;
				CLANG_WARN_OBJC_IMPLICIT_RETAIN_SELF = YES;
				CLANG_WARN_OBJC_LITERAL_CONVERSION = YES;
				CLANG_WARN_OBJC_ROOT_CLASS = YES_ERROR;
				CLANG_WARN_RANGE_LOOP_ANALYSIS = YES;
				CLANG_WARN_STRICT_PROTOTYPES = YES;
				CLANG_WARN_SUSPICIOUS_MOVE = YES;
				CLANG_WARN_UNGUARDED_AVAILABILITY = YES_AGGRESSIVE;
				CLANG_WARN_UNREACHABLE_CODE = YES;
				CLANG_WARN__DUPLICATE_METHOD_MATCH = YES;
				COPY_PHASE_STRIP = NO;
				DEBUG_INFORMATION_FORMAT = "dwarf-with-dsym";
				ENABLE_NS_ASSERTIONS = NO;
				ENABLE_STRICT_OBJC_MSGSEND = YES;
				GCC_C_LANGUAGE_STANDARD = gnu11;
				GCC_NO_COMMON_BLOCKS = YES;
				GCC_WARN_64_TO_32_BIT_CONVERSION = YES;
				GCC_WARN_ABOUT_RETURN_TYPE = YES_ERROR;
				GCC_WARN_UNDECLARED_SELECTOR = YES;
				GCC_WARN_UNINITIALIZED_AUTOS = YES_AGGRESSIVE;
				GCC_WARN_UNUSED_FUNCTION = YES;
				GCC_WARN_UNUSED_VARIABLE = YES;
				IPHONEOS_DEPLOYMENT_TARGET = 13.0;
				MTL_ENABLE_DEBUG_INFO = NO;
				MTL_FAST_MATH = YES;
				SDKROOT = iphoneos;
				SWIFT_COMPILATION_MODE = wholemodule;
				SWIFT_OPTIMIZATION_LEVEL = "-O";
				VALIDATE_PRODUCT = YES;
			};
			name = Release;
		};
		D743F3D62462761F00752C64 /* Debug */ = {
			isa = XCBuildConfiguration;
			baseConfigurationReference = 360892B3FCCE4A19D93D7590 /* Pods-BengCall.debug.xcconfig */;
			buildSettings = {
				ASSETCATALOG_COMPILER_APPICON_NAME = AppIcon;
				CODE_SIGN_ENTITLEMENTS = BengCall/BengCall.entitlements;
				CODE_SIGN_STYLE = Automatic;
				DEVELOPMENT_TEAM = JY65WKMSCH;
				INFOPLIST_FILE = BengCall/Info.plist;
				LD_RUNPATH_SEARCH_PATHS = (
					"$(inherited)",
					"@executable_path/Frameworks",
				);
				PRODUCT_BUNDLE_IDENTIFIER = com.setyawanjoddy.BengCall;
				PRODUCT_NAME = "$(TARGET_NAME)";
				SWIFT_VERSION = 5.0;
				TARGETED_DEVICE_FAMILY = "1,2";
			};
			name = Debug;
		};
		D743F3D72462761F00752C64 /* Release */ = {
			isa = XCBuildConfiguration;
			baseConfigurationReference = 4F98F8120DEBA795704BBE22 /* Pods-BengCall.release.xcconfig */;
			buildSettings = {
				ASSETCATALOG_COMPILER_APPICON_NAME = AppIcon;
				CODE_SIGN_ENTITLEMENTS = BengCall/BengCall.entitlements;
				CODE_SIGN_STYLE = Automatic;
				DEVELOPMENT_TEAM = JY65WKMSCH;
				INFOPLIST_FILE = BengCall/Info.plist;
				LD_RUNPATH_SEARCH_PATHS = (
					"$(inherited)",
					"@executable_path/Frameworks",
				);
				PRODUCT_BUNDLE_IDENTIFIER = com.setyawanjoddy.BengCall;
				PRODUCT_NAME = "$(TARGET_NAME)";
				SWIFT_VERSION = 5.0;
				TARGETED_DEVICE_FAMILY = "1,2";
			};
			name = Release;
		};
/* End XCBuildConfiguration section */

/* Begin XCConfigurationList section */
		D743F3A32462761F00752C64 /* Build configuration list for PBXProject "BengCall" */ = {
			isa = XCConfigurationList;
			buildConfigurations = (
				D743F3D32462761F00752C64 /* Debug */,
				D743F3D42462761F00752C64 /* Release */,
			);
			defaultConfigurationIsVisible = 0;
			defaultConfigurationName = Release;
		};
		D743F3D52462761F00752C64 /* Build configuration list for PBXNativeTarget "BengCall" */ = {
			isa = XCConfigurationList;
			buildConfigurations = (
				D743F3D62462761F00752C64 /* Debug */,
				D743F3D72462761F00752C64 /* Release */,
			);
			defaultConfigurationIsVisible = 0;
			defaultConfigurationName = Release;
		};
/* End XCConfigurationList section */

/* Begin XCVersionGroup section */
		D743F3B42462761F00752C64 /* BengCall.xcdatamodeld */ = {
			isa = XCVersionGroup;
			children = (
				D743F3B52462761F00752C64 /* BengCall.xcdatamodel */,
			);
			currentVersion = D743F3B52462761F00752C64 /* BengCall.xcdatamodel */;
			path = BengCall.xcdatamodeld;
			sourceTree = "<group>";
			versionGroupType = wrapper.xcdatamodel;
		};
/* End XCVersionGroup section */
	};
	rootObject = D743F3A02462761F00752C64 /* Project object */;
}
